Microsoft Visual Studio Solution File, Format Version 12.00
# Visual Studio 15
VisualStudioVersion = 15.0.26124.0
MinimumVisualStudioVersion = 15.0.26124.0
Project("{2150E333-8FDC-42A3-9474-1A3956D46DE8}") = "tests", "tests", "{5B003FDF-67F5-499B-9307-7A488D22FC9F}"
EndProject
Project("{F2A71F9B-5D33-465A-A702-920D77279786}") = "Persimmon.Demo", "tests\Persimmon.Demo\Persimmon.Demo.fsproj", "{DA60D7F2-BFF1-4E6F-BFD4-F75FA68FDB2E}"
EndProject
Project("{F2A71F9B-5D33-465A-A702-920D77279786}") = "Persimmon.Demo.Poker", "tests\Persimmon.Demo.Poker\Persimmon.Demo.Poker.fsproj", "{FBAAAC69-488C-4A08-9343-49F055E424DB}"
EndProject
Global
	GlobalSection(SolutionConfigurationPlatforms) = preSolution
		Debug|Any CPU = Debug|Any CPU
		Debug|x64 = Debug|x64
		Debug|x86 = Debug|x86
		Release|Any CPU = Release|Any CPU
		Release|x64 = Release|x64
		Release|x86 = Release|x86
	EndGlobalSection
	GlobalSection(SolutionProperties) = preSolution
		HideSolutionNode = FALSE
	EndGlobalSection
	GlobalSection(ProjectConfigurationPlatforms) = postSolution
		{DA60D7F2-BFF1-4E6F-BFD4-F75FA68FDB2E}.Debug|Any CPU.ActiveCfg = Debug|Any CPU
		{DA60D7F2-BFF1-4E6F-BFD4-F75FA68FDB2E}.Debug|Any CPU.Build.0 = Debug|Any CPU
		{DA60D7F2-BFF1-4E6F-BFD4-F75FA68FDB2E}.Debug|x64.ActiveCfg = Debug|x64
		{DA60D7F2-BFF1-4E6F-BFD4-F75FA68FDB2E}.Debug|x64.Build.0 = Debug|x64
		{DA60D7F2-BFF1-4E6F-BFD4-F75FA68FDB2E}.Debug|x86.ActiveCfg = Debug|x86
		{DA60D7F2-BFF1-4E6F-BFD4-F75FA68FDB2E}.Debug|x86.Build.0 = Debug|x86
		{DA60D7F2-BFF1-4E6F-BFD4-F75FA68FDB2E}.Release|Any CPU.ActiveCfg = Release|Any CPU
		{DA60D7F2-BFF1-4E6F-BFD4-F75FA68FDB2E}.Release|Any CPU.Build.0 = Release|Any CPU
		{DA60D7F2-BFF1-4E6F-BFD4-F75FA68FDB2E}.Release|x64.ActiveCfg = Release|x64
		{DA60D7F2-BFF1-4E6F-BFD4-F75FA68FDB2E}.Release|x64.Build.0 = Release|x64
		{DA60D7F2-BFF1-4E6F-BFD4-F75FA68FDB2E}.Release|x86.ActiveCfg = Release|x86
		{DA60D7F2-BFF1-4E6F-BFD4-F75FA68FDB2E}.Release|x86.Build.0 = Release|x86
		{FBAAAC69-488C-4A08-9343-49F055E424DB}.Debug|Any CPU.ActiveCfg = Debug|Any CPU
		{FBAAAC69-488C-4A08-9343-49F055E424DB}.Debug|Any CPU.Build.0 = Debug|Any CPU
		{FBAAAC69-488C-4A08-9343-49F055E424DB}.Debug|x64.ActiveCfg = Debug|x64
		{FBAAAC69-488C-4A08-9343-49F055E424DB}.Debug|x64.Build.0 = Debug|x64
		{FBAAAC69-488C-4A08-9343-49F055E424DB}.Debug|x86.ActiveCfg = Debug|x86
		{FBAAAC69-488C-4A08-9343-49F055E424DB}.Debug|x86.Build.0 = Debug|x86
		{FBAAAC69-488C-4A08-9343-49F055E424DB}.Release|Any CPU.ActiveCfg = Release|Any CPU
		{FBAAAC69-488C-4A08-9343-49F055E424DB}.Release|Any CPU.Build.0 = Release|Any CPU
		{FBAAAC69-488C-4A08-9343-49F055E424DB}.Release|x64.ActiveCfg = Release|x64
		{FBAAAC69-488C-4A08-9343-49F055E424DB}.Release|x64.Build.0 = Release|x64
		{FBAAAC69-488C-4A08-9343-49F055E424DB}.Release|x86.ActiveCfg = Release|x86
		{FBAAAC69-488C-4A08-9343-49F055E424DB}.Release|x86.Build.0 = Release|x86
	EndGlobalSection
	GlobalSection(NestedProjects) = preSolution
		{DA60D7F2-BFF1-4E6F-BFD4-F75FA68FDB2E} = {5B003FDF-67F5-499B-9307-7A488D22FC9F}
		{FBAAAC69-488C-4A08-9343-49F055E424DB} = {5B003FDF-67F5-499B-9307-7A488D22FC9F}
	EndGlobalSection
EndGlobal
